
Microsoft Visual Studio Solution File, Format Version 12.00
# Visual Studio 15
VisualStudioVersion = 15.0.28307.438
MinimumVisualStudioVersion = 10.0.40219.1
Project("{9A19103F-16F7-4668-BE54-9A1E7A4F7556}") = "MediaToolkit", "MediaToolkit\MediaToolkit.csproj", "{AEA13BC5-CB8C-45BA-9E92-2E95B57B5C4E}"
EndProject
Project("{9A19103F-16F7-4668-BE54-9A1E7A4F7556}") = "MediaToolkit.Console", "MediaToolkit.Console\MediaToolkit.Console.csproj", "{EA6E4DE8-3B0A-42D1-822D-15F3227BB3E6}"
EndProject
Global
	GlobalSection(SolutionConfigurationPlatforms) = preSolution
		Debug|Any CPU = Debug|Any CPU
		DebugToConsole|Any CPU = DebugToConsole|Any CPU
		Release|Any CPU = Release|Any CPU
	EndGlobalSection
	GlobalSection(ProjectConfigurationPlatforms) = postSolution
		{AEA13BC5-CB8C-45BA-9E92-2E95B57B5C4E}.Debug|Any CPU.ActiveCfg = Debug|Any CPU
		{AEA13BC5-CB8C-45BA-9E92-2E95B57B5C4E}.Debug|Any CPU.Build.0 = Debug|Any CPU
		{AEA13BC5-CB8C-45BA-9E92-2E95B57B5C4E}.DebugToConsole|Any CPU.ActiveCfg = Debug|Any CPU
		{AEA13BC5-CB8C-45BA-9E92-2E95B57B5C4E}.DebugToConsole|Any CPU.Build.0 = Debug|Any CPU
		{AEA13BC5-CB8C-45BA-9E92-2E95B57B5C4E}.Release|Any CPU.ActiveCfg = Release|Any CPU
		{AEA13BC5-CB8C-45BA-9E92-2E95B57B5C4E}.Release|Any CPU.Build.0 = Release|Any CPU
		{EA6E4DE8-3B0A-42D1-822D-15F3227BB3E6}.Debug|Any CPU.ActiveCfg = Debug|Any CPU
		{EA6E4DE8-3B0A-42D1-822D-15F3227BB3E6}.Debug|Any CPU.Build.0 = Debug|Any CPU
		{EA6E4DE8-3B0A-42D1-822D-15F3227BB3E6}.DebugToConsole|Any CPU.ActiveCfg = Debug|Any CPU
		{EA6E4DE8-3B0A-42D1-822D-15F3227BB3E6}.DebugToConsole|Any CPU.Build.0 = Debug|Any CPU
		{EA6E4DE8-3B0A-42D1-822D-15F3227BB3E6}.Release|Any CPU.ActiveCfg = Release|Any CPU
		{EA6E4DE8-3B0A-42D1-822D-15F3227BB3E6}.Release|Any CPU.Build.0 = Release|Any CPU
	EndGlobalSection
	GlobalSection(SolutionProperties) = preSolution
		HideSolutionNode = FALSE
	EndGlobalSection
	GlobalSection(ExtensibilityGlobals) = postSolution
		SolutionGuid = {5AA48FF8-4819-4714-AD59-9C0B1A2CBFD0}
	EndGlobalSection
	GlobalSection(CodealikeProperties) = postSolution
		SolutionGuid = 27b6e555-e1d3-4bc8-80b8-643a861a9917
	EndGlobalSection
EndGlobal
